
Microsoft Visual Studio Solution File, Format Version 12.00
# Visual Studio Version 17
VisualStudioVersion = 17.7.34221.43
MinimumVisualStudioVersion = 10.0.40219.1
Project("{FAE04EC0-301F-11D3-BF4B-00C04F79EFBC}") = "MDIPaint", "MDIPaint.csproj", "{4E6A651D-3F01-4674-AD7D-F076DD309B54}"
EndProject
Project("{FAE04EC0-301F-11D3-BF4B-00C04F79EFBC}") = "PluginInterface", "..\PluginInterface\PluginInterface.csproj", "{2492BFEF-1D6A-4738-B090-6A17C6DACF15}"
EndProject
Project("{FAE04EC0-301F-11D3-BF4B-00C04F79EFBC}") = "NegativePlugin", "..\NegativePlugin\NegativePlugin.csproj", "{545D1370-BED6-4ADA-A6D6-133A603A1C73}"
EndProject
Project("{FAE04EC0-301F-11D3-BF4B-00C04F79EFBC}") = "SharpenPlugin", "..\SharpenPlugin\SharpenPlugin.csproj", "{4EBF2678-7A28-4C75-BE2C-F68A3C57A315}"
EndProject
Project("{FAE04EC0-301F-11D3-BF4B-00C04F79EFBC}") = "ArtFramePlugin", "..\ArtFramePlugin\ArtFramePlugin.csproj", "{11AC68EA-20A2-487C-8794-5D529D20903B}"
EndProject
Global
	GlobalSection(SolutionConfigurationPlatforms) = preSolution
		Debug|Any CPU = Debug|Any CPU
		Release|Any CPU = Release|Any CPU
	EndGlobalSection
	GlobalSection(ProjectConfigurationPlatforms) = postSolution
		{4E6A651D-3F01-4674-AD7D-F076DD309B54}.Debug|Any CPU.ActiveCfg = Debug|Any CPU
		{4E6A651D-3F01-4674-AD7D-F076DD309B54}.Debug|Any CPU.Build.0 = Debug|Any CPU
		{4E6A651D-3F01-4674-AD7D-F076DD309B54}.Release|Any CPU.ActiveCfg = Release|Any CPU
		{4E6A651D-3F01-4674-AD7D-F076DD309B54}.Release|Any CPU.Build.0 = Release|Any CPU
		{2492BFEF-1D6A-4738-B090-6A17C6DACF15}.Debug|Any CPU.ActiveCfg = Debug|Any CPU
		{2492BFEF-1D6A-4738-B090-6A17C6DACF15}.Debug|Any CPU.Build.0 = Debug|Any CPU
		{2492BFEF-1D6A-4738-B090-6A17C6DACF15}.Release|Any CPU.ActiveCfg = Release|Any CPU
		{2492BFEF-1D6A-4738-B090-6A17C6DACF15}.Release|Any CPU.Build.0 = Release|Any CPU
		{545D1370-BED6-4ADA-A6D6-133A603A1C73}.Debug|Any CPU.ActiveCfg = Debug|Any CPU
		{545D1370-BED6-4ADA-A6D6-133A603A1C73}.Debug|Any CPU.Build.0 = Debug|Any CPU
		{545D1370-BED6-4ADA-A6D6-133A603A1C73}.Release|Any CPU.ActiveCfg = Release|Any CPU
		{545D1370-BED6-4ADA-A6D6-133A603A1C73}.Release|Any CPU.Build.0 = Release|Any CPU
		{4EBF2678-7A28-4C75-BE2C-F68A3C57A315}.Debug|Any CPU.ActiveCfg = Debug|Any CPU
		{4EBF2678-7A28-4C75-BE2C-F68A3C57A315}.Debug|Any CPU.Build.0 = Debug|Any CPU
		{4EBF2678-7A28-4C75-BE2C-F68A3C57A315}.Release|Any CPU.ActiveCfg = Release|Any CPU
		{4EBF2678-7A28-4C75-BE2C-F68A3C57A315}.Release|Any CPU.Build.0 = Release|Any CPU
		{11AC68EA-20A2-487C-8794-5D529D20903B}.Debug|Any CPU.ActiveCfg = Debug|Any CPU
		{11AC68EA-20A2-487C-8794-5D529D20903B}.Debug|Any CPU.Build.0 = Debug|Any CPU
		{11AC68EA-20A2-487C-8794-5D529D20903B}.Release|Any CPU.ActiveCfg = Release|Any CPU
		{11AC68EA-20A2-487C-8794-5D529D20903B}.Release|Any CPU.Build.0 = Release|Any CPU
	EndGlobalSection
	GlobalSection(SolutionProperties) = preSolution
		HideSolutionNode = FALSE
	EndGlobalSection
	GlobalSection(ExtensibilityGlobals) = postSolution
		SolutionGuid = {8D88D0D7-E185-414B-A718-E26D2F75433F}
	EndGlobalSection
EndGlobal
